{
    "_meta": {
        "hash": {
            "sha256": "02729ff3beb1ad41130b1190c5608bba12fe54d74fb02b2febb09ea6fd5c8952"
        },
        "pipfile-spec": 6,
        "requires": {
            "python_version": "3.8"
        },
        "sources": [
            {
                "name": "pypi",
                "url": "https://pypi.org/simple",
                "verify_ssl": true
            }
        ]
    },
    "default": {
        "discord-py": {
            "extras": [
                "voice"
            ],
            "git": "https://github.com/Rapptz/discord.py",
            "ref": "4078d64520562c9359b5b96a6d3e85b0b976b387"
        },
        "parsedatetime": {
            "hashes": [
                "sha256:4cb368fbb18a0b7231f4d76119165451c8d2e35951455dfee97c62a87b04d455",
                "sha256:cb96edd7016872f58479e35879294258c71437195760746faffedb692aef000b"
            ],
            "index": "pypi",
            "version": "==2.6"
        },
        "python-dotenv": {
            "hashes": [
                "sha256:25c0ff1a3e12f4bde8d592cc254ab075cfe734fc5dd989036716fd17ee7e5ec7",
                "sha256:3b9909bc96b0edc6b01586e1eed05e71174ef4e04c71da5786370cebea53ad74"
            ],
            "index": "pypi",
            "version": "==0.13.0"
        }
    },
    "develop": {}
}
